// !$*UTF8*$!
{
	archiveVersion = 1;
	classes = {
	};
	objectVersion = 50;
	objects = {

/* Begin PBXBuildFile section */
		5CBED535245322F9005FA783 /* AppDelegate.swift in Sources */ = {isa = PBXBuildFile; fileRef = 5CBED534245322F9005FA783 /* AppDelegate.swift */; };
		5CBED537245322F9005FA783 /* SceneDelegate.swift in Sources */ = {isa = PBXBuildFile; fileRef = 5CBED536245322F9005FA783 /* SceneDelegate.swift */; };
		5CBED539245322F9005FA783 /* ViewController.swift in Sources */ = {isa = PBXBuildFile; fileRef = 5CBED538245322F9005FA783 /* ViewController.swift */; };
		5CBED53C245322F9005FA783 /* Main.storyboard in Resources */ = {isa = PBXBuildFile; fileRef = 5CBED53A245322F9005FA783 /* Main.storyboard */; };
		5CBED53E245322FD005FA783 /* Assets.xcassets in Resources */ = {isa = PBXBuildFile; fileRef = 5CBED53D245322FD005FA783 /* Assets.xcassets */; };
		5CBED541245322FD005FA783 /* LaunchScreen.storyboard in Resources */ = {isa = PBXBuildFile; fileRef = 5CBED53F245322FD005FA783 /* LaunchScreen.storyboard */; };
		5CBED54C245322FD005FA783 /* FaithInDailyLifeTests.swift in Sources */ = {isa = PBXBuildFile; fileRef = 5CBED54B245322FD005FA783 /* FaithInDailyLifeTests.swift */; };
		5CBED557245322FD005FA783 /* FaithInDailyLifeUITests.swift in Sources */ = {isa = PBXBuildFile; fileRef = 5CBED556245322FD005FA783 /* FaithInDailyLifeUITests.swift */; };
/* End PBXBuildFile section */

/* Begin PBXContainerItemProxy section */
		5CBED548245322FD005FA783 /* PBXContainerItemProxy */ = {
			isa = PBXContainerItemProxy;
			containerPortal = 5CBED529245322F9005FA783 /* Project object */;
			proxyType = 1;
			remoteGlobalIDString = 5CBED530245322F9005FA783;
			remoteInfo = FaithInDailyLife;
		};
		5CBED553245322FD005FA783 /* PBXContainerItemProxy */ = {
			isa = PBXContainerItemProxy;
			containerPortal = 5CBED529245322F9005FA783 /* Project object */;
			proxyType = 1;
			remoteGlobalIDString = 5CBED530245322F9005FA783;
			remoteInfo = FaithInDailyLife;
		};
/* End PBXContainerItemProxy section */

/* Begin PBXFileReference section */
		5CBED531245322F9005FA783 /* FaithInDailyLife.app */ = {isa = PBXFileReference; explicitFileType = wrapper.application; includeInIndex = 0; path = FaithInDailyLife.app; sourceTree = BUILT_PRODUCTS_DIR; };
		5CBED534245322F9005FA783 /* AppDelegate.swift */ = {isa = PBXFileReference; lastKnownFileType = sourcecode.swift; path = AppDelegate.swift; sourceTree = "<group>"; };
		5CBED536245322F9005FA783 /* SceneDelegate.swift */ = {isa = PBXFileReference; lastKnownFileType = sourcecode.swift; path = SceneDelegate.swift; sourceTree = "<group>"; };
		5CBED538245322F9005FA783 /* ViewController.swift */ = {isa = PBXFileReference; lastKnownFileType = sourcecode.swift; path = ViewController.swift; sourceTree = "<group>"; };
		5CBED53B245322F9005FA783 /* Base */ = {isa = PBXFileReference; lastKnownFileType = file.storyboard; name = Base; path = Base.lproj/Main.storyboard; sourceTree = "<group>"; };
		5CBED53D245322FD005FA783 /* Assets.xcassets */ = {isa = PBXFileReference; lastKnownFileType = folder.assetcatalog; path = Assets.xcassets; sourceTree = "<group>"; };
		5CBED540245322FD005FA783 /* Base */ = {isa = PBXFileReference; lastKnownFileType = file.storyboard; name = Base; path = Base.lproj/LaunchScreen.storyboard; sourceTree = "<group>"; };
		5CBED542245322FD005FA783 /* Info.plist */ = {isa = PBXFileReference; lastKnownFileType = text.plist.xml; path = Info.plist; sourceTree = "<group>"; };
		5CBED547245322FD005FA783 /* FaithInDailyLifeTests.xctest */ = {isa = PBXFileReference; explicitFileType = wrapper.cfbundle; includeInIndex = 0; path = FaithInDailyLifeTests.xctest; sourceTree = BUILT_PRODUCTS_DIR; };
		5CBED54B245322FD005FA783 /* FaithInDailyLifeTests.swift */ = {isa = PBXFileReference; lastKnownFileType = sourcecode.swift; path = FaithInDailyLifeTests.swift; sourceTree = "<group>"; };
		5CBED54D245322FD005FA783 /* Info.plist */ = {isa = PBXFileReference; lastKnownFileType = text.plist.xml; path = Info.plist; sourceTree = "<group>"; };
		5CBED552245322FD005FA783 /* FaithInDailyLifeUITests.xctest */ = {isa = PBXFileReference; explicitFileType = wrapper.cfbundle; includeInIndex = 0; path = FaithInDailyLifeUITests.xctest; sourceTree = BUILT_PRODUCTS_DIR; };
		5CBED556245322FD005FA783 /* FaithInDailyLifeUITests.swift */ = {isa = PBXFileReference; lastKnownFileType = sourcecode.swift; path = FaithInDailyLifeUITests.swift; sourceTree = "<group>"; };
		5CBED558245322FD005FA783 /* Info.plist */ = {isa = PBXFileReference; lastKnownFileType = text.plist.xml; path = Info.plist; sourceTree = "<group>"; };
/* End PBXFileReference section */

/* Begin PBXFrameworksBuildPhase section */
		5CBED52E245322F9005FA783 /* Frameworks */ = {
			isa = PBXFrameworksBuildPhase;
			buildActionMask = 2147483647;
			files = (
			);
			runOnlyForDeploymentPostprocessing = 0;
		};
		5CBED544245322FD005FA783 /* Frameworks */ = {
			isa = PBXFrameworksBuildPhase;
			buildActionMask = 2147483647;
			files = (
			);
			runOnlyForDeploymentPostprocessing = 0;
		};
		5CBED54F245322FD005FA783 /* Frameworks */ = {
			isa = PBXFrameworksBuildPhase;
			buildActionMask = 2147483647;
			files = (
			);
			runOnlyForDeploymentPostprocessing = 0;
		};
/* End PBXFrameworksBuildPhase section */

/* Begin PBXGroup section */
		5CBED528245322F9005FA783 = {
			isa = PBXGroup;
			children = (
				5CBED533245322F9005FA783 /* FaithInDailyLife */,
				5CBED54A245322FD005FA783 /* FaithInDailyLifeTests */,
				5CBED555245322FD005FA783 /* FaithInDailyLifeUITests */,
				5CBED532245322F9005FA783 /* Products */,
			);
			sourceTree = "<group>";
		};
		5CBED532245322F9005FA783 /* Products */ = {
			isa = PBXGroup;
			children = (
				5CBED531245322F9005FA783 /* FaithInDailyLife.app */,
				5CBED547245322FD005FA783 /* FaithInDailyLifeTests.xctest */,
				5CBED552245322FD005FA783 /* FaithInDailyLifeUITests.xctest */,
			);
			name = Products;
			sourceTree = "<group>";
		};
		5CBED533245322F9005FA783 /* FaithInDailyLife */ = {
			isa = PBXGroup;
			children = (
				5CBED534245322F9005FA783 /* AppDelegate.swift */,
				5CBED536245322F9005FA783 /* SceneDelegate.swift */,
				5CBED538245322F9005FA783 /* ViewController.swift */,
				5CBED53A245322F9005FA783 /* Main.storyboard */,
				5CBED53D245322FD005FA783 /* Assets.xcassets */,
				5CBED53F245322FD005FA783 /* LaunchScreen.storyboard */,
				5CBED542245322FD005FA783 /* Info.plist */,
			);
			path = FaithInDailyLife;
			sourceTree = "<group>";
		};
		5CBED54A245322FD005FA783 /* FaithInDailyLifeTests */ = {
			isa = PBXGroup;
			children = (
				5CBED54B245322FD005FA783 /* FaithInDailyLifeTests.swift */,
				5CBED54D245322FD005FA783 /* Info.plist */,
			);
			path = FaithInDailyLifeTests;
			sourceTree = "<group>";
		};
		5CBED555245322FD005FA783 /* FaithInDailyLifeUITests */ = {
			isa = PBXGroup;
			children = (
				5CBED556245322FD005FA783 /* FaithInDailyLifeUITests.swift */,
				5CBED558245322FD005FA783 /* Info.plist */,
			);
			path = FaithInDailyLifeUITests;
			sourceTree = "<group>";
		};
/* End PBXGroup section */

/* Begin PBXNativeTarget section */
		5CBED530245322F9005FA783 /* FaithInDailyLife */ = {
			isa = PBXNativeTarget;
			buildConfigurationList = 5CBED55B245322FD005FA783 /* Build configuration list for PBXNativeTarget "FaithInDailyLife" */;
			buildPhases = (
				5CBED52D245322F9005FA783 /* Sources */,
				5CBED52E245322F9005FA783 /* Frameworks */,
				5CBED52F245322F9005FA783 /* Resources */,
			);
			buildRules = (
			);
			dependencies = (
			);
			name = FaithInDailyLife;
			productName = FaithInDailyLife;
			productReference = 5CBED531245322F9005FA783 /* FaithInDailyLife.app */;
			productType = "com.apple.product-type.application";
		};
		5CBED546245322FD005FA783 /* FaithInDailyLifeTests */ = {
			isa = PBXNativeTarget;
			buildConfigurationList = 5CBED55E245322FD005FA783 /* Build configuration list for PBXNativeTarget "FaithInDailyLifeTests" */;
			buildPhases = (
				5CBED543245322FD005FA783 /* Sources */,
				5CBED544245322FD005FA783 /* Frameworks */,
				5CBED545245322FD005FA783 /* Resources */,
			);
			buildRules = (
			);
			dependencies = (
				5CBED549245322FD005FA783 /* PBXTargetDependency */,
			);
			name = FaithInDailyLifeTests;
			productName = FaithInDailyLifeTests;
			productReference = 5CBED547245322FD005FA783 /* FaithInDailyLifeTests.xctest */;
			productType = "com.apple.product-type.bundle.unit-test";
		};
		5CBED551245322FD005FA783 /* FaithInDailyLifeUITests */ = {
			isa = PBXNativeTarget;
			buildConfigurationList = 5CBED561245322FD005FA783 /* Build configuration list for PBXNativeTarget "FaithInDailyLifeUITests" */;
			buildPhases = (
				5CBED54E245322FD005FA783 /* Sources */,
				5CBED54F245322FD005FA783 /* Frameworks */,
				5CBED550245322FD005FA783 /* Resources */,
			);
			buildRules = (
			);
			dependencies = (
				5CBED554245322FD005FA783 /* PBXTargetDependency */,
			);
			name = FaithInDailyLifeUITests;
			productName = FaithInDailyLifeUITests;
			productReference = 5CBED552245322FD005FA783 /* FaithInDailyLifeUITests.xctest */;
			productType = "com.apple.product-type.bundle.ui-testing";
		};
/* End PBXNativeTarget section */

/* Begin PBXProject section */
		5CBED529245322F9005FA783 /* Project object */ = {
			isa = PBXProject;
			attributes = {
				LastSwiftUpdateCheck = 1130;
				LastUpgradeCheck = 1130;
				ORGANIZATIONNAME = "Shreya Shresth";
				TargetAttributes = {
					5CBED530245322F9005FA783 = {
						CreatedOnToolsVersion = 11.3;
					};
					5CBED546245322FD005FA783 = {
						CreatedOnToolsVersion = 11.3;
						TestTargetID = 5CBED530245322F9005FA783;
					};
					5CBED551245322FD005FA783 = {
						CreatedOnToolsVersion = 11.3;
						TestTargetID = 5CBED530245322F9005FA783;
					};
				};
			};
			buildConfigurationList = 5CBED52C245322F9005FA783 /* Build configuration list for PBXProject "FaithInDailyLife" */;
			compatibilityVersion = "Xcode 9.3";
			developmentRegion = en;
			hasScannedForEncodings = 0;
			knownRegions = (
				en,
				Base,
			);
			mainGroup = 5CBED528245322F9005FA783;
			productRefGroup = 5CBED532245322F9005FA783 /* Products */;
			projectDirPath = "";
			projectRoot = "";
			targets = (
				5CBED530245322F9005FA783 /* FaithInDailyLife */,
				5CBED546245322FD005FA783 /* FaithInDailyLifeTests */,
				5CBED551245322FD005FA783 /* FaithInDailyLifeUITests */,
			);
		};
/* End PBXProject section */

/* Begin PBXResourcesBuildPhase section */
		5CBED52F245322F9005FA783 /* Resources */ = {
			isa = PBXResourcesBuildPhase;
			buildActionMask = 2147483647;
			files = (
				5CBED541245322FD005FA783 /* LaunchScreen.storyboard in Resources */,
				5CBED53E245322FD005FA783 /* Assets.xcassets in Resources */,
				5CBED53C245322F9005FA783 /* Main.storyboard in Resources */,
			);
			runOnlyForDeploymentPostprocessing = 0;
		};
		5CBED545245322FD005FA783 /* Resources */ = {
			isa = PBXResourcesBuildPhase;
			buildActionMask = 2147483647;
			files = (
			);
			runOnlyForDeploymentPostprocessing = 0;
		};
		5CBED550245322FD005FA783 /* Resources */ = {
			isa = PBXResourcesBuildPhase;
			buildActionMask = 2147483647;
			files = (
			);
			runOnlyForDeploymentPostprocessing = 0;
		};
/* End PBXResourcesBuildPhase section */

/* Begin PBXSourcesBuildPhase section */
		5CBED52D245322F9005FA783 /* Sources */ = {
			isa = PBXSourcesBuildPhase;
			buildActionMask = 2147483647;
			files = (
				5CBED539245322F9005FA783 /* ViewController.swift in Sources */,
				5CBED535245322F9005FA783 /* AppDelegate.swift in Sources */,
				5CBED537245322F9005FA783 /* SceneDelegate.swift in Sources */,
			);
			runOnlyForDeploymentPostprocessing = 0;
		};
		5CBED543245322FD005FA783 /* Sources */ = {
			isa = PBXSourcesBuildPhase;
			buildActionMask = 2147483647;
			files = (
				5CBED54C245322FD005FA783 /* FaithInDailyLifeTests.swift in Sources */,
			);
			runOnlyForDeploymentPostprocessing = 0;
		};
		5CBED54E245322FD005FA783 /* Sources */ = {
			isa = PBXSourcesBuildPhase;
			buildActionMask = 2147483647;
			files = (
				5CBED557245322FD005FA783 /* FaithInDailyLifeUITests.swift in Sources */,
			);
			runOnlyForDeploymentPostprocessing = 0;
		};
/* End PBXSourcesBuildPhase section */

/* Begin PBXTargetDependency section */
		5CBED549245322FD005FA783 /* PBXTargetDependency */ = {
			isa = PBXTargetDependency;
			target = 5CBED530245322F9005FA783 /* FaithInDailyLife */;
			targetProxy = 5CBED548245322FD005FA783 /* PBXContainerItemProxy */;
		};
		5CBED554245322FD005FA783 /* PBXTargetDependency */ = {
			isa = PBXTargetDependency;
			target = 5CBED530245322F9005FA783 /* FaithInDailyLife */;
			targetProxy = 5CBED553245322FD005FA783 /* PBXContainerItemProxy */;
		};
/* End PBXTargetDependency section */

/* Begin PBXVariantGroup section */
		5CBED53A245322F9005FA783 /* Main.storyboard */ = {
			isa = PBXVariantGroup;
			children = (
				5CBED53B245322F9005FA783 /* Base */,
			);
			name = Main.storyboard;
			sourceTree = "<group>";
		};
		5CBED53F245322FD005FA783 /* LaunchScreen.storyboard */ = {
			isa = PBXVariantGroup;
			children = (
				5CBED540245322FD005FA783 /* Base */,
			);
			name = LaunchScreen.storyboard;
			sourceTree = "<group>";
		};
/* End PBXVariantGroup section */

/* Begin XCBuildConfiguration section */
		5CBED559245322FD005FA783 /* Debug */ = {
			isa = XCBuildConfiguration;
			buildSettings = {
				ALWAYS_SEARCH_USER_PATHS = NO;
				CLANG_ANALYZER_NONNULL = YES;
				CLANG_ANALYZER_NUMBER_OBJECT_CONVERSION = YES_AGGRESSIVE;
				CLANG_CXX_LANGUAGE_STANDARD = "gnu++14";
				CLANG_CXX_LIBRARY = "libc++";
				CLANG_ENABLE_MODULES = YES;
				CLANG_ENABLE_OBJC_ARC = YES;
				CLANG_ENABLE_OBJC_WEAK = YES;
				CLANG_WARN_BLOCK_CAPTURE_AUTORELEASING = YES;
				CLANG_WARN_BOOL_CONVERSION = YES;
				CLANG_WARN_COMMA = YES;
				CLANG_WARN_CONSTANT_CONVERSION = YES;
				CLANG_WARN_DEPRECATED_OBJC_IMPLEMENTATIONS = YES;
				CLANG_WARN_DIRECT_OBJC_ISA_USAGE = YES_ERROR;
				CLANG_WARN_DOCUMENTATION_COMMENTS = YES;
				CLANG_WARN_EMPTY_BODY = YES;
				CLANG_WARN_ENUM_CONVERSION = YES;
				CLANG_WARN_INFINITE_RECURSION = YES;
				CLANG_WARN_INT_CONVERSION = YES;
				CLANG_WARN_NON_LITERAL_NULL_CONVERSION = YES;
				CLANG_WARN_OBJC_IMPLICIT_RETAIN_SELF = YES;
				CLANG_WARN_OBJC_LITERAL_CONVERSION = YES;
				CLANG_WARN_OBJC_ROOT_CLASS = YES_ERROR;
				CLANG_WARN_RANGE_LOOP_ANALYSIS = YES;
				CLANG_WARN_STRICT_PROTOTYPES = YES;
				CLANG_WARN_SUSPICIOUS_MOVE = YES;
				CLANG_WARN_UNGUARDED_AVAILABILITY = YES_AGGRESSIVE;
				CLANG_WARN_UNREACHABLE_CODE = YES;
				CLANG_WARN__DUPLICATE_METHOD_MATCH = YES;
				COPY_PHASE_STRIP = NO;
				DEBUG_INFORMATION_FORMAT = dwarf;
				ENABLE_STRICT_OBJC_MSGSEND = YES;
				ENABLE_TESTABILITY = YES;
				GCC_C_LANGUAGE_STANDARD = gnu11;
				GCC_DYNAMIC_NO_PIC = NO;
				GCC_NO_COMMON_BLOCKS = YES;
				GCC_OPTIMIZATION_LEVEL = 0;
				GCC_PREPROCESSOR_DEFINITIONS = (
					"DEBUG=1",
					"$(inherited)",
				);
				GCC_WARN_64_TO_32_BIT_CONVERSION = YES;
				GCC_WARN_ABOUT_RETURN_TYPE = YES_ERROR;
				GCC_WARN_UNDECLARED_SELECTOR = YES;
				GCC_WARN_UNINITIALIZED_AUTOS = YES_AGGRESSIVE;
				GCC_WARN_UNUSED_FUNCTION = YES;
				GCC_WARN_UNUSED_VARIABLE = YES;
				IPHONEOS_DEPLOYMENT_TARGET = 13.2;
				MTL_ENABLE_DEBUG_INFO = INCLUDE_SOURCE;
				MTL_FAST_MATH = YES;
				ONLY_ACTIVE_ARCH = YES;
				SDKROOT = iphoneos;
				SWIFT_ACTIVE_COMPILATION_CONDITIONS = DEBUG;
				SWIFT_OPTIMIZATION_LEVEL = "-Onone";
			};
			name = Debug;
		};
		5CBED55A245322FD005FA783 /* Release */ = {
			isa = XCBuildConfiguration;
			buildSettings = {
				ALWAYS_SEARCH_USER_PATHS = NO;
				CLANG_ANALYZER_NONNULL = YES;
				CLANG_ANALYZER_NUMBER_OBJECT_CONVERSION = YES_AGGRESSIVE;
				CLANG_CXX_LANGUAGE_STANDARD = "gnu++14";
				CLANG_CXX_LIBRARY = "libc++";
				CLANG_ENABLE_MODULES = YES;
				CLANG_ENABLE_OBJC_ARC = YES;
				CLANG_ENABLE_OBJC_WEAK = YES;
				CLANG_WARN_BLOCK_CAPTURE_AUTORELEASING = YES;
				CLANG_WARN_BOOL_CONVERSION = YES;
				CLANG_WARN_COMMA = YES;
				CLANG_WARN_CONSTANT_CONVERSION = YES;
				CLANG_WARN_DEPRECATED_OBJC_IMPLEMENTATIONS = YES;
				CLANG_WARN_DIRECT_OBJC_ISA_USAGE = YES_ERROR;
				CLANG_WARN_DOCUMENTATION_COMMENTS = YES;
				CLANG_WARN_EMPTY_BODY = YES;
				CLANG_WARN_ENUM_CONVERSION = YES;
				CLANG_WARN_INFINITE_RECURSION = YES;
				CLANG_WARN_INT_CONVERSION = YES;
				CLANG_WARN_NON_LITERAL_NULL_CONVERSION = YES;
				CLANG_WARN_OBJC_IMPLICIT_RETAIN_SELF = YES;
				CLANG_WARN_OBJC_LITERAL_CONVERSION = YES;
				CLANG_WARN_OBJC_ROOT_CLASS = YES_ERROR;
				CLANG_WARN_RANGE_LOOP_ANALYSIS = YES;
				CLANG_WARN_STRICT_PROTOTYPES = YES;
				CLANG_WARN_SUSPICIOUS_MOVE = YES;
				CLANG_WARN_UNGUARDED_AVAILABILITY = YES_AGGRESSIVE;
				CLANG_WARN_UNREACHABLE_CODE = YES;
				CLANG_WARN__DUPLICATE_METHOD_MATCH = YES;
				COPY_PHASE_STRIP = NO;
				DEBUG_INFORMATION_FORMAT = "dwarf-with-dsym";
				ENABLE_NS_ASSERTIONS = NO;
				ENABLE_STRICT_OBJC_MSGSEND = YES;
				GCC_C_LANGUAGE_STANDARD = gnu11;
				GCC_NO_COMMON_BLOCKS = YES;
				GCC_WARN_64_TO_32_BIT_CONVERSION = YES;
				GCC_WARN_ABOUT_RETURN_TYPE = YES_ERROR;
				GCC_WARN_UNDECLARED_SELECTOR = YES;
				GCC_WARN_UNINITIALIZED_AUTOS = YES_AGGRESSIVE;
				GCC_WARN_UNUSED_FUNCTION = YES;
				GCC_WARN_UNUSED_VARIABLE = YES;
				IPHONEOS_DEPLOYMENT_TARGET = 13.2;
				MTL_ENABLE_DEBUG_INFO = NO;
				MTL_FAST_MATH = YES;
				SDKROOT = iphoneos;
				SWIFT_COMPILATION_MODE = wholemodule;
				SWIFT_OPTIMIZATION_LEVEL = "-O";
				VALIDATE_PRODUCT = YES;
			};
			name = Release;
		};
		5CBED55C245322FD005FA783 /* Debug */ = {
			isa = XCBuildConfiguration;
			buildSettings = {
				ASSETCATALOG_COMPILER_APPICON_NAME = AppIcon;
				CODE_SIGN_STYLE = Automatic;
				DEVELOPMENT_TEAM = NX325VVD92;
				INFOPLIST_FILE = FaithInDailyLife/Info.plist;
				LD_RUNPATH_SEARCH_PATHS = (
					"$(inherited)",
					"@executable_path/Frameworks",
				);
				PRODUCT_BUNDLE_IDENTIFIER = com.shreya.FaithInDailyLife;
				PRODUCT_NAME = "$(TARGET_NAME)";
				SWIFT_VERSION = 5.0;
				TARGETED_DEVICE_FAMILY = "1,2";
			};
			name = Debug;
		};
		5CBED55D245322FD005FA783 /* Release */ = {
			isa = XCBuildConfiguration;
			buildSettings = {
				ASSETCATALOG_COMPILER_APPICON_NAME = AppIcon;
				CODE_SIGN_STYLE = Automatic;
				DEVELOPMENT_TEAM = NX325VVD92;
				INFOPLIST_FILE = FaithInDailyLife/Info.plist;
				LD_RUNPATH_SEARCH_PATHS = (
					"$(inherited)",
					"@executable_path/Frameworks",
				);
				PRODUCT_BUNDLE_IDENTIFIER = com.shreya.FaithInDailyLife;
				PRODUCT_NAME = "$(TARGET_NAME)";
				SWIFT_VERSION = 5.0;
				TARGETED_DEVICE_FAMILY = "1,2";
			};
			name = Release;
		};
		5CBED55F245322FD005FA783 /* Debug */ = {
			isa = XCBuildConfiguration;
			buildSettings = {
				ALWAYS_EMBED_SWIFT_STANDARD_LIBRARIES = YES;
				BUNDLE_LOADER = "$(TEST_HOST)";
				CODE_SIGN_STYLE = Automatic;
				DEVELOPMENT_TEAM = NX325VVD92;
				INFOPLIST_FILE = FaithInDailyLifeTests/Info.plist;
				IPHONEOS_DEPLOYMENT_TARGET = 13.2;
				LD_RUNPATH_SEARCH_PATHS = (
					"$(inherited)",
					"@executable_path/Frameworks",
					"@loader_path/Frameworks",
				);
				PRODUCT_BUNDLE_IDENTIFIER = com.shreya.FaithInDailyLifeTests;
				PRODUCT_NAME = "$(TARGET_NAME)";
				SWIFT_VERSION = 5.0;
				TARGETED_DEVICE_FAMILY = "1,2";
				TEST_HOST = "$(BUILT_PRODUCTS_DIR)/FaithInDailyLife.app/FaithInDailyLife";
			};
			name = Debug;
		};
		5CBED560245322FD005FA783 /* Release */ = {
			isa = XCBuildConfiguration;
			buildSettings = {
				ALWAYS_EMBED_SWIFT_STANDARD_LIBRARIES = YES;
				BUNDLE_LOADER = "$(TEST_HOST)";
				CODE_SIGN_STYLE = Automatic;
				DEVELOPMENT_TEAM = NX325VVD92;
				INFOPLIST_FILE = FaithInDailyLifeTests/Info.plist;
				IPHONEOS_DEPLOYMENT_TARGET = 13.2;
				LD_RUNPATH_SEARCH_PATHS = (
					"$(inherited)",
					"@executable_path/Frameworks",
					"@loader_path/Frameworks",
				);
				PRODUCT_BUNDLE_IDENTIFIER = com.shreya.FaithInDailyLifeTests;
				PRODUCT_NAME = "$(TARGET_NAME)";
				SWIFT_VERSION = 5.0;
				TARGETED_DEVICE_FAMILY = "1,2";
				TEST_HOST = "$(BUILT_PRODUCTS_DIR)/FaithInDailyLife.app/FaithInDailyLife";
			};
			name = Release;
		};
		5CBED562245322FD005FA783 /* Debug */ = {
			isa = XCBuildConfiguration;
			buildSettings = {
				ALWAYS_EMBED_SWIFT_STANDARD_LIBRARIES = YES;
				CODE_SIGN_STYLE = Automatic;
				DEVELOPMENT_TEAM = NX325VVD92;
				INFOPLIST_FILE = FaithInDailyLifeUITests/Info.plist;
				LD_RUNPATH_SEARCH_PATHS = (
					"$(inherited)",
					"@executable_path/Frameworks",
					"@loader_path/Frameworks",
				);
				PRODUCT_BUNDLE_IDENTIFIER = com.shreya.FaithInDailyLifeUITests;
				PRODUCT_NAME = "$(TARGET_NAME)";
				SWIFT_VERSION = 5.0;
				TARGETED_DEVICE_FAMILY = "1,2";
				TEST_TARGET_NAME = FaithInDailyLife;
			};
			name = Debug;
		};
		5CBED563245322FD005FA783 /* Release */ = {
			isa = XCBuildConfiguration;
			buildSettings = {
				ALWAYS_EMBED_SWIFT_STANDARD_LIBRARIES = YES;
				CODE_SIGN_STYLE = Automatic;
				DEVELOPMENT_TEAM = NX325VVD92;
				INFOPLIST_FILE = FaithInDailyLifeUITests/Info.plist;
				LD_RUNPATH_SEARCH_PATHS = (
					"$(inherited)",
					"@executable_path/Frameworks",
					"@loader_path/Frameworks",
				);
				PRODUCT_BUNDLE_IDENTIFIER = com.shreya.FaithInDailyLifeUITests;
				PRODUCT_NAME = "$(TARGET_NAME)";
				SWIFT_VERSION = 5.0;
				TARGETED_DEVICE_FAMILY = "1,2";
				TEST_TARGET_NAME = FaithInDailyLife;
			};
			name = Release;
		};
/* End XCBuildConfiguration section */

/* Begin XCConfigurationList section */
		5CBED52C245322F9005FA783 /* Build configuration list for PBXProject "FaithInDailyLife" */ = {
			isa = XCConfigurationList;
			buildConfigurations = (
				5CBED559245322FD005FA783 /* Debug */,
				5CBED55A245322FD005FA783 /* Release */,
			);
			defaultConfigurationIsVisible = 0;
			defaultConfigurationName = Release;
		};
		5CBED55B245322FD005FA783 /* Build configuration list for PBXNativeTarget "FaithInDailyLife" */ = {
			isa = XCConfigurationList;
			buildConfigurations = (
				5CBED55C245322FD005FA783 /* Debug */,
				5CBED55D245322FD005FA783 /* Release */,
			);
			defaultConfigurationIsVisible = 0;
			defaultConfigurationName = Release;
		};
		5CBED55E245322FD005FA783 /* Build configuration list for PBXNativeTarget "FaithInDailyLifeTests" */ = {
			isa = XCConfigurationList;
			buildConfigurations = (
				5CBED55F245322FD005FA783 /* Debug */,
				5CBED560245322FD005FA783 /* Release */,
			);
			defaultConfigurationIsVisible = 0;
			defaultConfigurationName = Release;
		};
		5CBED561245322FD005FA783 /* Build configuration list for PBXNativeTarget "FaithInDailyLifeUITests" */ = {
			isa = XCConfigurationList;
			buildConfigurations = (
				5CBED562245322FD005FA783 /* Debug */,
				5CBED563245322FD005FA783 /* Release */,
			);
			defaultConfigurationIsVisible = 0;
			defaultConfigurationName = Release;
		};
/* End XCConfigurationList section */
	};
	rootObject = 5CBED529245322F9005FA783 /* Project object */;
}
